Microsoft Visual Studio Solution File, Format Version 12.00
# Visual Studio 2012
Project("{FAE04EC0-301F-11D3-BF4B-00C04F79EFBC}") = "MinimalLimboProject", "MinimalLimboProject.csproj", "{1D1563D4-6E4F-4C9F-B921-6E2F998DF77D}"
EndProject
Global
	GlobalSection(SolutionConfigurationPlatforms) = preSolution
	Debug|Any CPU = Debug|Any CPU
	ExportDebug|Any CPU = ExportDebug|Any CPU
	ExportRelease|Any CPU = ExportRelease|Any CPU
	EndGlobalSection
	GlobalSection(ProjectConfigurationPlatforms) = postSolution
		{1D1563D4-6E4F-4C9F-B921-6E2F998DF77D}.Debug|Any CPU.ActiveCfg = Debug|Any CPU
		{1D1563D4-6E4F-4C9F-B921-6E2F998DF77D}.Debug|Any CPU.Build.0 = Debug|Any CPU
		{1D1563D4-6E4F-4C9F-B921-6E2F998DF77D}.ExportDebug|Any CPU.ActiveCfg = ExportDebug|Any CPU
		{1D1563D4-6E4F-4C9F-B921-6E2F998DF77D}.ExportDebug|Any CPU.Build.0 = ExportDebug|Any CPU
		{1D1563D4-6E4F-4C9F-B921-6E2F998DF77D}.ExportRelease|Any CPU.ActiveCfg = ExportRelease|Any CPU
		{1D1563D4-6E4F-4C9F-B921-6E2F998DF77D}.ExportRelease|Any CPU.Build.0 = ExportRelease|Any CPU
	EndGlobalSection
EndGlobal
